
Microsoft Visual Studio Solution File, Format Version 12.00
# Visual Studio Version 16
VisualStudioVersion = 16.0.31112.23
MinimumVisualStudioVersion = 10.0.40219.1
Project("{9A19103F-16F7-4668-BE54-9A1E7A4F7556}") = "IGeekFan.AspNetCore.RapiDoc", "src\IGeekFan.AspNetCore.RapiDoc\IGeekFan.AspNetCore.RapiDoc.csproj", "{BFA6BBD8-2862-4CAC-AB20-D14E8DC04DD5}"
EndProject
Project("{2150E333-8FDC-42A3-9474-1A3956D46DE8}") = "src", "src", "{B5103435-9FCA-4BDF-ACCF-5F5A347CEF53}"
EndProject
Project("{2150E333-8FDC-42A3-9474-1A3956D46DE8}") = "test", "test", "{C3E86A54-2BD5-483F-BFE9-A7D6D07CD8CE}"
EndProject
Project("{9A19103F-16F7-4668-BE54-9A1E7A4F7556}") = "Basic", "test\Basic\Basic.csproj", "{01A89D72-6B6F-4FC4-A9C7-0B100BCDE085}"
EndProject
Project("{9A19103F-16F7-4668-BE54-9A1E7A4F7556}") = "OAuth2Integration", "test\WebSites\OAuth2Integration\OAuth2Integration.csproj", "{1E21CFFA-A282-4D95-93EC-B64EA7E990A8}"
EndProject
Project("{9A19103F-16F7-4668-BE54-9A1E7A4F7556}") = "AspNetCore5_RapiDemo", "test\AspNetCore5_RapiDemo\AspNetCore5_RapiDemo.csproj", "{0B706C8E-DC9B-4826-B89B-82FAF1F4FCCF}"
EndProject
Project("{9A19103F-16F7-4668-BE54-9A1E7A4F7556}") = "CamelCase", "test\CamelCase\CamelCase.csproj", "{E4979F68-347B-478F-AA1B-C63D6D8075D6}"
EndProject
Project("{2150E333-8FDC-42A3-9474-1A3956D46DE8}") = "WebSites", "WebSites", "{6D1C1841-F203-466C-BE1F-3CBB776115CD}"
EndProject
Project("{9A19103F-16F7-4668-BE54-9A1E7A4F7556}") = "NSwag.Swagger.RapiDoc", "test\WebSites\NSwag.Swagger.RapiDoc\NSwag.Swagger.RapiDoc.csproj", "{F9245EDE-31BA-4A7C-8E1C-5B08BD640F1C}"
EndProject
Project("{2150E333-8FDC-42A3-9474-1A3956D46DE8}") = "Solution Items", "Solution Items", "{6FB3D1A1-DA35-41A5-A2C2-1F57A1EDFD41}"
	ProjectSection(SolutionItems) = preProject
		README.md = README.md
		README.zh-CN.md = README.zh-CN.md
	EndProjectSection
EndProject
Project("{9A19103F-16F7-4668-BE54-9A1E7A4F7556}") = "RapiDocDemo", "test\RapiDocDemo\RapiDocDemo.csproj", "{D0833062-E78F-499F-8236-406C4860FABD}"
EndProject
Global
	GlobalSection(SolutionConfigurationPlatforms) = preSolution
		Debug|Any CPU = Debug|Any CPU
		Release|Any CPU = Release|Any CPU
	EndGlobalSection
	GlobalSection(ProjectConfigurationPlatforms) = postSolution
		{BFA6BBD8-2862-4CAC-AB20-D14E8DC04DD5}.Debug|Any CPU.ActiveCfg = Debug|Any CPU
		{BFA6BBD8-2862-4CAC-AB20-D14E8DC04DD5}.Debug|Any CPU.Build.0 = Debug|Any CPU
		{BFA6BBD8-2862-4CAC-AB20-D14E8DC04DD5}.Release|Any CPU.ActiveCfg = Release|Any CPU
		{BFA6BBD8-2862-4CAC-AB20-D14E8DC04DD5}.Release|Any CPU.Build.0 = Release|Any CPU
		{01A89D72-6B6F-4FC4-A9C7-0B100BCDE085}.Debug|Any CPU.ActiveCfg = Debug|Any CPU
		{01A89D72-6B6F-4FC4-A9C7-0B100BCDE085}.Debug|Any CPU.Build.0 = Debug|Any CPU
		{01A89D72-6B6F-4FC4-A9C7-0B100BCDE085}.Release|Any CPU.ActiveCfg = Release|Any CPU
		{01A89D72-6B6F-4FC4-A9C7-0B100BCDE085}.Release|Any CPU.Build.0 = Release|Any CPU
		{1E21CFFA-A282-4D95-93EC-B64EA7E990A8}.Debug|Any CPU.ActiveCfg = Debug|Any CPU
		{1E21CFFA-A282-4D95-93EC-B64EA7E990A8}.Debug|Any CPU.Build.0 = Debug|Any CPU
		{1E21CFFA-A282-4D95-93EC-B64EA7E990A8}.Release|Any CPU.ActiveCfg = Release|Any CPU
		{1E21CFFA-A282-4D95-93EC-B64EA7E990A8}.Release|Any CPU.Build.0 = Release|Any CPU
		{0B706C8E-DC9B-4826-B89B-82FAF1F4FCCF}.Debug|Any CPU.ActiveCfg = Debug|Any CPU
		{0B706C8E-DC9B-4826-B89B-82FAF1F4FCCF}.Debug|Any CPU.Build.0 = Debug|Any CPU
		{0B706C8E-DC9B-4826-B89B-82FAF1F4FCCF}.Release|Any CPU.ActiveCfg = Release|Any CPU
		{0B706C8E-DC9B-4826-B89B-82FAF1F4FCCF}.Release|Any CPU.Build.0 = Release|Any CPU
		{E4979F68-347B-478F-AA1B-C63D6D8075D6}.Debug|Any CPU.ActiveCfg = Debug|Any CPU
		{E4979F68-347B-478F-AA1B-C63D6D8075D6}.Debug|Any CPU.Build.0 = Debug|Any CPU
		{E4979F68-347B-478F-AA1B-C63D6D8075D6}.Release|Any CPU.ActiveCfg = Release|Any CPU
		{E4979F68-347B-478F-AA1B-C63D6D8075D6}.Release|Any CPU.Build.0 = Release|Any CPU
		{F9245EDE-31BA-4A7C-8E1C-5B08BD640F1C}.Debug|Any CPU.ActiveCfg = Debug|Any CPU
		{F9245EDE-31BA-4A7C-8E1C-5B08BD640F1C}.Debug|Any CPU.Build.0 = Debug|Any CPU
		{F9245EDE-31BA-4A7C-8E1C-5B08BD640F1C}.Release|Any CPU.ActiveCfg = Release|Any CPU
		{F9245EDE-31BA-4A7C-8E1C-5B08BD640F1C}.Release|Any CPU.Build.0 = Release|Any CPU
		{D0833062-E78F-499F-8236-406C4860FABD}.Debug|Any CPU.ActiveCfg = Debug|Any CPU
		{D0833062-E78F-499F-8236-406C4860FABD}.Debug|Any CPU.Build.0 = Debug|Any CPU
		{D0833062-E78F-499F-8236-406C4860FABD}.Release|Any CPU.ActiveCfg = Release|Any CPU
		{D0833062-E78F-499F-8236-406C4860FABD}.Release|Any CPU.Build.0 = Release|Any CPU
	EndGlobalSection
	GlobalSection(SolutionProperties) = preSolution
		HideSolutionNode = FALSE
	EndGlobalSection
	GlobalSection(NestedProjects) = preSolution
		{BFA6BBD8-2862-4CAC-AB20-D14E8DC04DD5} = {B5103435-9FCA-4BDF-ACCF-5F5A347CEF53}
		{01A89D72-6B6F-4FC4-A9C7-0B100BCDE085} = {C3E86A54-2BD5-483F-BFE9-A7D6D07CD8CE}
		{1E21CFFA-A282-4D95-93EC-B64EA7E990A8} = {6D1C1841-F203-466C-BE1F-3CBB776115CD}
		{0B706C8E-DC9B-4826-B89B-82FAF1F4FCCF} = {C3E86A54-2BD5-483F-BFE9-A7D6D07CD8CE}
		{E4979F68-347B-478F-AA1B-C63D6D8075D6} = {C3E86A54-2BD5-483F-BFE9-A7D6D07CD8CE}
		{6D1C1841-F203-466C-BE1F-3CBB776115CD} = {C3E86A54-2BD5-483F-BFE9-A7D6D07CD8CE}
		{F9245EDE-31BA-4A7C-8E1C-5B08BD640F1C} = {6D1C1841-F203-466C-BE1F-3CBB776115CD}
		{D0833062-E78F-499F-8236-406C4860FABD} = {C3E86A54-2BD5-483F-BFE9-A7D6D07CD8CE}
	EndGlobalSection
	GlobalSection(ExtensibilityGlobals) = postSolution
		SolutionGuid = {EEADF4B8-C57B-478B-9F68-08BA4F309C65}
	EndGlobalSection
EndGlobal
