
Microsoft Visual Studio Solution File, Format Version 12.00
# Visual Studio Version 17
VisualStudioVersion = 17.1.31911.260
MinimumVisualStudioVersion = 10.0.40219.1
Project("{9A19103F-16F7-4668-BE54-9A1E7A4F7556}") = "IGeekFan.AspNetCore.RapiDoc", "src\IGeekFan.AspNetCore.RapiDoc\IGeekFan.AspNetCore.RapiDoc.csproj", "{BFA6BBD8-2862-4CAC-AB20-D14E8DC04DD5}"
EndProject
Project("{2150E333-8FDC-42A3-9474-1A3956D46DE8}") = "src", "src", "{B5103435-9FCA-4BDF-ACCF-5F5A347CEF53}"
EndProject
Project("{2150E333-8FDC-42A3-9474-1A3956D46DE8}") = "test", "test", "{C3E86A54-2BD5-483F-BFE9-A7D6D07CD8CE}"
EndProject
Project("{9A19103F-16F7-4668-BE54-9A1E7A4F7556}") = "Basic", "test\Basic\Basic.csproj", "{01A89D72-6B6F-4FC4-A9C7-0B100BCDE085}"
EndProject
Project("{9A19103F-16F7-4668-BE54-9A1E7A4F7556}") = "OAuth2Integration", "test\WebSites\OAuth2Integration\OAuth2Integration.csproj", "{1E21CFFA-A282-4D95-93EC-B64EA7E990A8}"
EndProject
Project("{2150E333-8FDC-42A3-9474-1A3956D46DE8}") = "WebSites", "WebSites", "{6D1C1841-F203-466C-BE1F-3CBB776115CD}"
EndProject
Project("{9A19103F-16F7-4668-BE54-9A1E7A4F7556}") = "NSwag.Swagger.RapiDoc", "test\WebSites\NSwag.Swagger.RapiDoc\NSwag.Swagger.RapiDoc.csproj", "{F9245EDE-31BA-4A7C-8E1C-5B08BD640F1C}"
EndProject
Project("{2150E333-8FDC-42A3-9474-1A3956D46DE8}") = "Solution Items", "Solution Items", "{6FB3D1A1-DA35-41A5-A2C2-1F57A1EDFD41}"
	ProjectSection(SolutionItems) = preProject
		README.md = README.md
		README.zh-CN.md = README.zh-CN.md
	EndProjectSection
EndProject
Project("{9A19103F-16F7-4668-BE54-9A1E7A4F7556}") = "RapiDocDemo", "test\RapiDocDemo\RapiDocDemo.csproj", "{D0833062-E78F-499F-8236-406C4860FABD}"
EndProject
Project("{9A19103F-16F7-4668-BE54-9A1E7A4F7556}") = "IGeekFan.AspNetCore.RapiDoc.Extra", "src\IGeekFan.AspNetCore.RapiDoc.Extra\IGeekFan.AspNetCore.RapiDoc.Extra.csproj", "{BA4FA2E4-A3CF-4263-89B6-24C65D5D738F}"
EndProject
Project("{2150E333-8FDC-42A3-9474-1A3956D46DE8}") = "tools", "tools", "{FD594E18-E19C-4523-95E6-65305E736117}"
EndProject
Project("{9A19103F-16F7-4668-BE54-9A1E7A4F7556}") = "GetRapidoc", "tools\GetRapidoc\GetRapidoc.csproj", "{12B3BF66-868B-4BEB-AC0D-9AB925C43E7C}"
EndProject
Global
	GlobalSection(SolutionConfigurationPlatforms) = preSolution
		Debug|Any CPU = Debug|Any CPU
		Release|Any CPU = Release|Any CPU
	EndGlobalSection
	GlobalSection(ProjectConfigurationPlatforms) = postSolution
		{BFA6BBD8-2862-4CAC-AB20-D14E8DC04DD5}.Debug|Any CPU.ActiveCfg = Debug|Any CPU
		{BFA6BBD8-2862-4CAC-AB20-D14E8DC04DD5}.Debug|Any CPU.Build.0 = Debug|Any CPU
		{BFA6BBD8-2862-4CAC-AB20-D14E8DC04DD5}.Release|Any CPU.ActiveCfg = Release|Any CPU
		{BFA6BBD8-2862-4CAC-AB20-D14E8DC04DD5}.Release|Any CPU.Build.0 = Release|Any CPU
		{01A89D72-6B6F-4FC4-A9C7-0B100BCDE085}.Debug|Any CPU.ActiveCfg = Debug|Any CPU
		{01A89D72-6B6F-4FC4-A9C7-0B100BCDE085}.Debug|Any CPU.Build.0 = Debug|Any CPU
		{01A89D72-6B6F-4FC4-A9C7-0B100BCDE085}.Release|Any CPU.ActiveCfg = Release|Any CPU
		{01A89D72-6B6F-4FC4-A9C7-0B100BCDE085}.Release|Any CPU.Build.0 = Release|Any CPU
		{1E21CFFA-A282-4D95-93EC-B64EA7E990A8}.Debug|Any CPU.ActiveCfg = Debug|Any CPU
		{1E21CFFA-A282-4D95-93EC-B64EA7E990A8}.Debug|Any CPU.Build.0 = Debug|Any CPU
		{1E21CFFA-A282-4D95-93EC-B64EA7E990A8}.Release|Any CPU.ActiveCfg = Release|Any CPU
		{1E21CFFA-A282-4D95-93EC-B64EA7E990A8}.Release|Any CPU.Build.0 = Release|Any CPU
		{F9245EDE-31BA-4A7C-8E1C-5B08BD640F1C}.Debug|Any CPU.ActiveCfg = Debug|Any CPU
		{F9245EDE-31BA-4A7C-8E1C-5B08BD640F1C}.Debug|Any CPU.Build.0 = Debug|Any CPU
		{F9245EDE-31BA-4A7C-8E1C-5B08BD640F1C}.Release|Any CPU.ActiveCfg = Release|Any CPU
		{F9245EDE-31BA-4A7C-8E1C-5B08BD640F1C}.Release|Any CPU.Build.0 = Release|Any CPU
		{D0833062-E78F-499F-8236-406C4860FABD}.Debug|Any CPU.ActiveCfg = Debug|Any CPU
		{D0833062-E78F-499F-8236-406C4860FABD}.Debug|Any CPU.Build.0 = Debug|Any CPU
		{D0833062-E78F-499F-8236-406C4860FABD}.Release|Any CPU.ActiveCfg = Release|Any CPU
		{D0833062-E78F-499F-8236-406C4860FABD}.Release|Any CPU.Build.0 = Release|Any CPU
		{BA4FA2E4-A3CF-4263-89B6-24C65D5D738F}.Debug|Any CPU.ActiveCfg = Debug|Any CPU
		{BA4FA2E4-A3CF-4263-89B6-24C65D5D738F}.Debug|Any CPU.Build.0 = Debug|Any CPU
		{BA4FA2E4-A3CF-4263-89B6-24C65D5D738F}.Release|Any CPU.ActiveCfg = Release|Any CPU
		{BA4FA2E4-A3CF-4263-89B6-24C65D5D738F}.Release|Any CPU.Build.0 = Release|Any CPU
		{12B3BF66-868B-4BEB-AC0D-9AB925C43E7C}.Debug|Any CPU.ActiveCfg = Debug|Any CPU
		{12B3BF66-868B-4BEB-AC0D-9AB925C43E7C}.Debug|Any CPU.Build.0 = Debug|Any CPU
		{12B3BF66-868B-4BEB-AC0D-9AB925C43E7C}.Release|Any CPU.ActiveCfg = Release|Any CPU
		{12B3BF66-868B-4BEB-AC0D-9AB925C43E7C}.Release|Any CPU.Build.0 = Release|Any CPU
	EndGlobalSection
	GlobalSection(SolutionProperties) = preSolution
		HideSolutionNode = FALSE
	EndGlobalSection
	GlobalSection(NestedProjects) = preSolution
		{BFA6BBD8-2862-4CAC-AB20-D14E8DC04DD5} = {B5103435-9FCA-4BDF-ACCF-5F5A347CEF53}
		{01A89D72-6B6F-4FC4-A9C7-0B100BCDE085} = {C3E86A54-2BD5-483F-BFE9-A7D6D07CD8CE}
		{1E21CFFA-A282-4D95-93EC-B64EA7E990A8} = {6D1C1841-F203-466C-BE1F-3CBB776115CD}
		{6D1C1841-F203-466C-BE1F-3CBB776115CD} = {C3E86A54-2BD5-483F-BFE9-A7D6D07CD8CE}
		{F9245EDE-31BA-4A7C-8E1C-5B08BD640F1C} = {6D1C1841-F203-466C-BE1F-3CBB776115CD}
		{D0833062-E78F-499F-8236-406C4860FABD} = {C3E86A54-2BD5-483F-BFE9-A7D6D07CD8CE}
		{BA4FA2E4-A3CF-4263-89B6-24C65D5D738F} = {B5103435-9FCA-4BDF-ACCF-5F5A347CEF53}
		{12B3BF66-868B-4BEB-AC0D-9AB925C43E7C} = {FD594E18-E19C-4523-95E6-65305E736117}
	EndGlobalSection
	GlobalSection(ExtensibilityGlobals) = postSolution
		SolutionGuid = {EEADF4B8-C57B-478B-9F68-08BA4F309C65}
	EndGlobalSection
EndGlobal
