{
  "name": "igeekfan.aspnetcore.rapidoc",
  "version": "1.0.0",
  "lockfileVersion": 1,
  "requires": true,
  "dependencies": {
    "@apitools/openapi-parser": {
      "version": "0.0.7",
      "resolved": "https://registry.npm.taobao.org/@apitools/openapi-parser/download/@apitools/openapi-parser-0.0.7.tgz",
      "integrity": "sha1-3urzeL7WP3L0FijUF43Q41c9NQg=",
      "requires": {
        "swagger-client": "^3.13.1"
      }
    },
    "@babel/runtime-corejs3": {
      "version": "7.13.17",
      "resolved": "https://registry.nlark.com/@babel/runtime-corejs3/download/@babel/runtime-corejs3-7.13.17.tgz",
      "integrity": "sha1-m69F8D1NAT8CF2C5ktY0mp0n3q8=",
      "requires": {
        "core-js-pure": "^3.0.0",
        "regenerator-runtime": "^0.13.4"
      }
    },
    "argparse": {
      "version": "1.0.10",
      "resolved": "https://registry.npm.taobao.org/argparse/download/argparse-1.0.10.tgz",
      "integrity": "sha1-vNZ5HqWuCXJeF+WtmIE0zUCz2RE=",
      "requires": {
        "sprintf-js": "~1.0.2"
      }
    },
    "asynckit": {
      "version": "0.4.0",
      "resolved": "https://registry.npm.taobao.org/asynckit/download/asynckit-0.4.0.tgz",
      "integrity": "sha1-x57Zf380y48robyXkLzDZkdLS3k="
    },
    "base64-arraybuffer": {
      "version": "0.2.0",
      "resolved": "https://registry.nlark.com/base64-arraybuffer/download/base64-arraybuffer-0.2.0.tgz",
      "integrity": "sha1-S5RPrAGRqlkHr+LYyZnMxXzoD0U="
    },
    "base64-js": {
      "version": "1.5.1",
      "resolved": "https://registry.npm.taobao.org/base64-js/download/base64-js-1.5.1.tgz",
      "integrity": "sha1-GxtEAWClv3rUC2UPCVljSBkDkwo="
    },
    "btoa": {
      "version": "1.2.1",
      "resolved": "https://registry.npm.taobao.org/btoa/download/btoa-1.2.1.tgz",
      "integrity": "sha1-AamQn4ssk/a/aAuiYTHrMPf6PXM="
    },
    "buffer": {
      "version": "6.0.3",
      "resolved": "https://registry.npm.taobao.org/buffer/download/buffer-6.0.3.tgz?cache=0&sync_timestamp=1606098073225&other_urls=https%3A%2F%2Fregistry.npm.taobao.org%2Fbuffer%2Fdownload%2Fbuffer-6.0.3.tgz",
      "integrity": "sha1-Ks5XhFnMj74qcKqo9S7mO2p0xsY=",
      "requires": {
        "base64-js": "^1.3.1",
        "ieee754": "^1.2.1"
      }
    },
    "call-bind": {
      "version": "1.0.2",
      "resolved": "https://registry.npm.taobao.org/call-bind/download/call-bind-1.0.2.tgz?cache=0&sync_timestamp=1610403007655&other_urls=https%3A%2F%2Fregistry.npm.taobao.org%2Fcall-bind%2Fdownload%2Fcall-bind-1.0.2.tgz",
      "integrity": "sha1-sdTonmiBGcPJqQOtMKuy9qkZvjw=",
      "requires": {
        "function-bind": "^1.1.1",
        "get-intrinsic": "^1.0.2"
      }
    },
    "clipboard": {
      "version": "2.0.8",
      "resolved": "https://registry.npm.taobao.org/clipboard/download/clipboard-2.0.8.tgz?cache=0&sync_timestamp=1615410640293&other_urls=https%3A%2F%2Fregistry.npm.taobao.org%2Fclipboard%2Fdownload%2Fclipboard-2.0.8.tgz",
      "integrity": "sha1-/8bBA90pZ6gwBfP2GXaqRlWkzbo=",
      "optional": true,
      "requires": {
        "good-listener": "^1.2.2",
        "select": "^1.1.2",
        "tiny-emitter": "^2.0.0"
      }
    },
    "combined-stream": {
      "version": "1.0.8",
      "resolved": "https://registry.npm.taobao.org/combined-stream/download/combined-stream-1.0.8.tgz",
      "integrity": "sha1-w9RaizT9cwYxoRCoolIGgrMdWn8=",
      "requires": {
        "delayed-stream": "~1.0.0"
      }
    },
    "cookie": {
      "version": "0.4.1",
      "resolved": "https://registry.npm.taobao.org/cookie/download/cookie-0.4.1.tgz?cache=0&sync_timestamp=1587525873712&other_urls=https%3A%2F%2Fregistry.npm.taobao.org%2Fcookie%2Fdownload%2Fcookie-0.4.1.tgz",
      "integrity": "sha1-r9cT/ibr0hupXOth+agRblClN9E="
    },
    "core-js-pure": {
      "version": "3.11.0",
      "resolved": "https://registry.nlark.com/core-js-pure/download/core-js-pure-3.11.0.tgz",
      "integrity": "sha1-4H8lqPYW0XjsFrA1SwCK0osgsvA="
    },
    "cross-fetch": {
      "version": "3.1.4",
      "resolved": "https://registry.npm.taobao.org/cross-fetch/download/cross-fetch-3.1.4.tgz",
      "integrity": "sha1-lyPzo6JHv4uJA586OAqSROj6Lzk=",
      "requires": {
        "node-fetch": "2.6.1"
      }
    },
    "deep-extend": {
      "version": "0.6.0",
      "resolved": "https://registry.npm.taobao.org/deep-extend/download/deep-extend-0.6.0.tgz",
      "integrity": "sha1-xPp8lUBKF6nD6Mp+FTcxK3NjMKw="
    },
    "delayed-stream": {
      "version": "1.0.0",
      "resolved": "https://registry.npm.taobao.org/delayed-stream/download/delayed-stream-1.0.0.tgz",
      "integrity": "sha1-3zrhmayt+31ECqrgsp4icrJOxhk="
    },
    "delegate": {
      "version": "3.2.0",
      "resolved": "https://registry.npm.taobao.org/delegate/download/delegate-3.2.0.tgz",
      "integrity": "sha1-tmtxwxWFIuirV0T3INjKDCr1kWY=",
      "optional": true
    },
    "esprima": {
      "version": "4.0.1",
      "resolved": "https://registry.npm.taobao.org/esprima/download/esprima-4.0.1.tgz",
      "integrity": "sha1-E7BM2z5sXRnfkatph6hpVhmwqnE="
    },
    "fast-json-patch": {
      "version": "3.0.0-1",
      "resolved": "https://registry.npm.taobao.org/fast-json-patch/download/fast-json-patch-3.0.0-1.tgz",
      "integrity": "sha1-TGjy56z7q20p0XGcRL5RiZyT2rs="
    },
    "form-data": {
      "version": "2.5.1",
      "resolved": "https://registry.npm.taobao.org/form-data/download/form-data-2.5.1.tgz",
      "integrity": "sha1-8svsV7XlniNxbhKP5E1OXdI4lfQ=",
      "requires": {
        "asynckit": "^0.4.0",
        "combined-stream": "^1.0.6",
        "mime-types": "^2.1.12"
      }
    },
    "function-bind": {
      "version": "1.1.1",
      "resolved": "https://registry.npm.taobao.org/function-bind/download/function-bind-1.1.1.tgz",
      "integrity": "sha1-pWiZ0+o8m6uHS7l3O3xe3pL0iV0="
    },
    "get-intrinsic": {
      "version": "1.1.1",
      "resolved": "https://registry.npm.taobao.org/get-intrinsic/download/get-intrinsic-1.1.1.tgz?cache=0&sync_timestamp=1612364352840&other_urls=https%3A%2F%2Fregistry.npm.taobao.org%2Fget-intrinsic%2Fdownload%2Fget-intrinsic-1.1.1.tgz",
      "integrity": "sha1-FfWfN2+FXERpY5SPDSTNNje0q8Y=",
      "requires": {
        "function-bind": "^1.1.1",
        "has": "^1.0.3",
        "has-symbols": "^1.0.1"
      }
    },
    "good-listener": {
      "version": "1.2.2",
      "resolved": "https://registry.npm.taobao.org/good-listener/download/good-listener-1.2.2.tgz",
      "integrity": "sha1-1TswzfkxPf+33JoNR3CWqm0UXFA=",
      "optional": true,
      "requires": {
        "delegate": "^3.1.2"
      }
    },
    "has": {
      "version": "1.0.3",
      "resolved": "https://registry.npm.taobao.org/has/download/has-1.0.3.tgz",
      "integrity": "sha1-ci18v8H2qoJB8W3YFOAR4fQeh5Y=",
      "requires": {
        "function-bind": "^1.1.1"
      }
    },
    "has-symbols": {
      "version": "1.0.2",
      "resolved": "https://registry.npm.taobao.org/has-symbols/download/has-symbols-1.0.2.tgz?cache=0&sync_timestamp=1614443557459&other_urls=https%3A%2F%2Fregistry.npm.taobao.org%2Fhas-symbols%2Fdownload%2Fhas-symbols-1.0.2.tgz",
      "integrity": "sha1-Fl0wcMADCXUqEjakeTMeOsVvFCM="
    },
    "ieee754": {
      "version": "1.2.1",
      "resolved": "https://registry.npm.taobao.org/ieee754/download/ieee754-1.2.1.tgz?cache=0&sync_timestamp=1603841495413&other_urls=https%3A%2F%2Fregistry.npm.taobao.org%2Fieee754%2Fdownload%2Fieee754-1.2.1.tgz",
      "integrity": "sha1-jrehCmP/8l0VpXsAFYbRd9Gw01I="
    },
    "isomorphic-form-data": {
      "version": "2.0.0",
      "resolved": "https://registry.npm.taobao.org/isomorphic-form-data/download/isomorphic-form-data-2.0.0.tgz",
      "integrity": "sha1-n2rfHExhrjrv2PEQq2D7mxQ9bOw=",
      "requires": {
        "form-data": "^2.3.2"
      }
    },
    "js-yaml": {
      "version": "3.14.1",
      "resolved": "https://registry.npm.taobao.org/js-yaml/download/js-yaml-3.14.1.tgz?cache=0&sync_timestamp=1609680165698&other_urls=https%3A%2F%2Fregistry.npm.taobao.org%2Fjs-yaml%2Fdownload%2Fjs-yaml-3.14.1.tgz",
      "integrity": "sha1-2ugS/bOCX6MGYJqHFzg8UMNqBTc=",
      "requires": {
        "argparse": "^1.0.7",
        "esprima": "^4.0.0"
      }
    },
    "lit-element": {
      "version": "2.4.0",
      "resolved": "https://registry.npm.taobao.org/lit-element/download/lit-element-2.4.0.tgz",
      "integrity": "sha1-siYHoDeo/Aj1qAc23d9/P11AFFI=",
      "requires": {
        "lit-html": "^1.1.1"
      }
    },
    "lit-html": {
      "version": "1.2.1",
      "resolved": "https://registry.npm.taobao.org/lit-html/download/lit-html-1.2.1.tgz",
      "integrity": "sha1-H7kz3B4t3AlfYLgIYnfU/NnWLMg="
    },
    "lodash": {
      "version": "4.17.21",
      "resolved": "https://registry.npm.taobao.org/lodash/download/lodash-4.17.21.tgz",
      "integrity": "sha1-Z5WRxWTDv/quhFTPCz3zcMPWkRw="
    },
    "marked": {
      "version": "2.0.3",
      "resolved": "https://registry.npm.taobao.org/marked/download/marked-2.0.3.tgz?cache=0&sync_timestamp=1618168468510&other_urls=https%3A%2F%2Fregistry.npm.taobao.org%2Fmarked%2Fdownload%2Fmarked-2.0.3.tgz",
      "integrity": "sha1-NVHElYxNo2iXvaKhaBLvE5nI1rA="
    },
    "mime-db": {
      "version": "1.47.0",
      "resolved": "https://registry.npm.taobao.org/mime-db/download/mime-db-1.47.0.tgz?cache=0&sync_timestamp=1617306043996&other_urls=https%3A%2F%2Fregistry.npm.taobao.org%2Fmime-db%2Fdownload%2Fmime-db-1.47.0.tgz",
      "integrity": "sha1-jLMT5Zll08Bc+/iYkVomevRqM1w="
    },
    "mime-types": {
      "version": "2.1.30",
      "resolved": "https://registry.npm.taobao.org/mime-types/download/mime-types-2.1.30.tgz?cache=0&sync_timestamp=1617340140598&other_urls=https%3A%2F%2Fregistry.npm.taobao.org%2Fmime-types%2Fdownload%2Fmime-types-2.1.30.tgz",
      "integrity": "sha1-bnvotMR5gl+F7WMmaV23P5MF1i0=",
      "requires": {
        "mime-db": "1.47.0"
      }
    },
    "node-fetch": {
      "version": "2.6.1",
      "resolved": "https://registry.npm.taobao.org/node-fetch/download/node-fetch-2.6.1.tgz",
      "integrity": "sha1-BFvTI2Mfdu0uK1VXM5RBa2OaAFI="
    },
    "object-inspect": {
      "version": "1.10.2",
      "resolved": "https://registry.npm.taobao.org/object-inspect/download/object-inspect-1.10.2.tgz?cache=0&sync_timestamp=1618720187707&other_urls=https%3A%2F%2Fregistry.npm.taobao.org%2Fobject-inspect%2Fdownload%2Fobject-inspect-1.10.2.tgz",
      "integrity": "sha1-tjhaPit8rgter8+Qzd+F0Sh2fzA="
    },
    "prismjs": {
      "version": "1.23.0",
      "resolved": "https://registry.npm.taobao.org/prismjs/download/prismjs-1.23.0.tgz?cache=0&sync_timestamp=1609438547304&other_urls=https%3A%2F%2Fregistry.npm.taobao.org%2Fprismjs%2Fdownload%2Fprismjs-1.23.0.tgz",
      "integrity": "sha1-07OWf31yRAaQSXZSqdQP8EYGfzM=",
      "requires": {
        "clipboard": "^2.0.0"
      }
    },
    "punycode": {
      "version": "1.3.2",
      "resolved": "https://registry.npm.taobao.org/punycode/download/punycode-1.3.2.tgz?cache=0&other_urls=https%3A%2F%2Fregistry.npm.taobao.org%2Fpunycode%2Fdownload%2Fpunycode-1.3.2.tgz",
      "integrity": "sha1-llOgNvt8HuQjQvIyXM7v6jkmxI0="
    },
    "qs": {
      "version": "6.10.1",
      "resolved": "https://registry.npm.taobao.org/qs/download/qs-6.10.1.tgz?cache=0&sync_timestamp=1616385328325&other_urls=https%3A%2F%2Fregistry.npm.taobao.org%2Fqs%2Fdownload%2Fqs-6.10.1.tgz",
      "integrity": "sha1-STFIL6jWR6Wqt5nFJx0hM7mB+2o=",
      "requires": {
        "side-channel": "^1.0.4"
      }
    },
    "querystring": {
      "version": "0.2.0",
      "resolved": "https://registry.npm.taobao.org/querystring/download/querystring-0.2.0.tgz?cache=0&sync_timestamp=1613399913000&other_urls=https%3A%2F%2Fregistry.npm.taobao.org%2Fquerystring%2Fdownload%2Fquerystring-0.2.0.tgz",
      "integrity": "sha1-sgmEkgO7Jd+CDadW50cAWHhSFiA="
    },
    "querystring-browser": {
      "version": "1.0.4",
      "resolved": "https://registry.npm.taobao.org/querystring-browser/download/querystring-browser-1.0.4.tgz",
      "integrity": "sha1-8uNYgYQKgZvHsb9Zf68JeeZiLcY="
    },
    "rapidoc": {
      "version": "9.0.0",
      "resolved": "https://registry.nlark.com/rapidoc/download/rapidoc-9.0.0.tgz",
      "integrity": "sha1-f8aYW9ANb7xHHagwVhpigoXEvLI=",
      "requires": {
        "@apitools/openapi-parser": "^0.0.7",
        "base64-arraybuffer": "^0.2.0",
        "lit-element": "2.4.0",
        "lit-html": "1.2.1",
        "marked": "^2.0.1",
        "prismjs": "^1.23.0"
      }
    },
    "regenerator-runtime": {
      "version": "0.13.7",
      "resolved": "https://registry.npm.taobao.org/regenerator-runtime/download/regenerator-runtime-0.13.7.tgz",
      "integrity": "sha1-ysLazIoepnX+qrrriugziYrkb1U="
    },
    "select": {
      "version": "1.1.2",
      "resolved": "https://registry.npm.taobao.org/select/download/select-1.1.2.tgz",
      "integrity": "sha1-DnNQrN7ICxEIUoeG7B1EGNEbOW0=",
      "optional": true
    },
    "side-channel": {
      "version": "1.0.4",
      "resolved": "https://registry.npm.taobao.org/side-channel/download/side-channel-1.0.4.tgz",
      "integrity": "sha1-785cj9wQTudRslxY1CkAEfpeos8=",
      "requires": {
        "call-bind": "^1.0.0",
        "get-intrinsic": "^1.0.2",
        "object-inspect": "^1.9.0"
      }
    },
    "sprintf-js": {
      "version": "1.0.3",
      "resolved": "https://registry.npm.taobao.org/sprintf-js/download/sprintf-js-1.0.3.tgz",
      "integrity": "sha1-BOaSb2YolTVPPdAVIDYzuFcpfiw="
    },
    "swagger-client": {
      "version": "3.13.2",
      "resolved": "https://registry.npm.taobao.org/swagger-client/download/swagger-client-3.13.2.tgz?cache=0&sync_timestamp=1617096314611&other_urls=https%3A%2F%2Fregistry.npm.taobao.org%2Fswagger-client%2Fdownload%2Fswagger-client-3.13.2.tgz",
      "integrity": "sha1-3xof6S5tuHq192zuY4Hct9oa0Rc=",
      "requires": {
        "@babel/runtime-corejs3": "^7.11.2",
        "btoa": "^1.2.1",
        "buffer": "^6.0.3",
        "cookie": "~0.4.1",
        "cross-fetch": "^3.0.6",
        "deep-extend": "~0.6.0",
        "fast-json-patch": "^3.0.0-1",
        "isomorphic-form-data": "~2.0.0",
        "js-yaml": "^3.14.0",
        "lodash": "^4.17.19",
        "qs": "^6.9.4",
        "querystring-browser": "^1.0.4",
        "traverse": "~0.6.6",
        "url": "~0.11.0"
      }
    },
    "tiny-emitter": {
      "version": "2.1.0",
      "resolved": "https://registry.npm.taobao.org/tiny-emitter/download/tiny-emitter-2.1.0.tgz",
      "integrity": "sha1-HRpW7fxRxD6GPLtTgqcjMONVVCM=",
      "optional": true
    },
    "traverse": {
      "version": "0.6.6",
      "resolved": "https://registry.npm.taobao.org/traverse/download/traverse-0.6.6.tgz",
      "integrity": "sha1-y99WD9e5r2MlAv7UD5GMFX6pcTc="
    },
    "url": {
      "version": "0.11.0",
      "resolved": "https://registry.npm.taobao.org/url/download/url-0.11.0.tgz",
      "integrity": "sha1-ODjpfPxgUh63PFJajlW/3Z4uKPE=",
      "requires": {
        "punycode": "1.3.2",
        "querystring": "0.2.0"
      }
    }
  }
}
